
Microsoft Visual Studio Solution File, Format Version 12.00
# Visual Studio 2012
Project("{FAE04EC0-301F-11D3-BF4B-00C04F79EFBC}") = "Inspire.Shared", "Inspire.Shared\Inspire.Shared.csproj", "{C7C387E1-0BCD-4976-B066-58D5BCB1DB35}"
EndProject
Project("{FAE04EC0-301F-11D3-BF4B-00C04F79EFBC}") = "Toolkit", "Toolkit\Toolkit.csproj", "{4C356D8F-B0B4-45DD-B026-833B9A02AA14}"
EndProject
Project("{FAE04EC0-301F-11D3-BF4B-00C04F79EFBC}") = "Inspire.Network", "BlastersShared.Network\Inspire.Network.csproj", "{3AF674AB-3F0C-46E3-97E0-0ACB4CCE201E}"
	ProjectSection(ProjectDependencies) = postProject
		{C7C387E1-0BCD-4976-B066-58D5BCB1DB35} = {C7C387E1-0BCD-4976-B066-58D5BCB1DB35}
	EndProjectSection
EndProject
Project("{FAE04EC0-301F-11D3-BF4B-00C04F79EFBC}") = "GameServer", "GameServer\GameServer.csproj", "{0BB1A6FD-79C7-4193-9BAE-5039A6AEB829}"
EndProject
Project("{FAE04EC0-301F-11D3-BF4B-00C04F79EFBC}") = "Inspire.GameEngine", "Inspire.GameEngine\Inspire.GameEngine.csproj", "{A4B36FE1-4D31-4FB9-9927-DC1DBB6418C5}"
EndProject
Project("{FAE04EC0-301F-11D3-BF4B-00C04F79EFBC}") = "GameClient", "GameClient\GameClient.csproj", "{5B15B369-8F0D-4465-BF0F-3B4B974A08EB}"
EndProject
Global
	GlobalSection(SolutionConfigurationPlatforms) = preSolution
		Debug_MockGame|Any CPU = Debug_MockGame|Any CPU
		Debug_MockGame|Mixed Platforms = Debug_MockGame|Mixed Platforms
		Debug_MockGame|x86 = Debug_MockGame|x86
		Debug|Any CPU = Debug|Any CPU
		Debug|Mixed Platforms = Debug|Mixed Platforms
		Debug|x86 = Debug|x86
		Release|Any CPU = Release|Any CPU
		Release|Mixed Platforms = Release|Mixed Platforms
		Release|x86 = Release|x86
	EndGlobalSection
	GlobalSection(ProjectConfigurationPlatforms) = postSolution
		{C7C387E1-0BCD-4976-B066-58D5BCB1DB35}.Debug_MockGame|Any CPU.ActiveCfg = Debug|Any CPU
		{C7C387E1-0BCD-4976-B066-58D5BCB1DB35}.Debug_MockGame|Any CPU.Build.0 = Debug|Any CPU
		{C7C387E1-0BCD-4976-B066-58D5BCB1DB35}.Debug_MockGame|Mixed Platforms.ActiveCfg = Debug|Any CPU
		{C7C387E1-0BCD-4976-B066-58D5BCB1DB35}.Debug_MockGame|Mixed Platforms.Build.0 = Debug|Any CPU
		{C7C387E1-0BCD-4976-B066-58D5BCB1DB35}.Debug_MockGame|x86.ActiveCfg = Debug|Any CPU
		{C7C387E1-0BCD-4976-B066-58D5BCB1DB35}.Debug|Any CPU.ActiveCfg = Debug|Any CPU
		{C7C387E1-0BCD-4976-B066-58D5BCB1DB35}.Debug|Any CPU.Build.0 = Debug|Any CPU
		{C7C387E1-0BCD-4976-B066-58D5BCB1DB35}.Debug|Mixed Platforms.ActiveCfg = Debug|Any CPU
		{C7C387E1-0BCD-4976-B066-58D5BCB1DB35}.Debug|Mixed Platforms.Build.0 = Debug|Any CPU
		{C7C387E1-0BCD-4976-B066-58D5BCB1DB35}.Debug|x86.ActiveCfg = Debug|Any CPU
		{C7C387E1-0BCD-4976-B066-58D5BCB1DB35}.Release|Any CPU.ActiveCfg = Release|Any CPU
		{C7C387E1-0BCD-4976-B066-58D5BCB1DB35}.Release|Any CPU.Build.0 = Release|Any CPU
		{C7C387E1-0BCD-4976-B066-58D5BCB1DB35}.Release|Mixed Platforms.ActiveCfg = Release|Any CPU
		{C7C387E1-0BCD-4976-B066-58D5BCB1DB35}.Release|Mixed Platforms.Build.0 = Release|Any CPU
		{C7C387E1-0BCD-4976-B066-58D5BCB1DB35}.Release|x86.ActiveCfg = Release|Any CPU
		{4C356D8F-B0B4-45DD-B026-833B9A02AA14}.Debug_MockGame|Any CPU.ActiveCfg = Debug|x86
		{4C356D8F-B0B4-45DD-B026-833B9A02AA14}.Debug_MockGame|Mixed Platforms.ActiveCfg = Debug|x86
		{4C356D8F-B0B4-45DD-B026-833B9A02AA14}.Debug_MockGame|Mixed Platforms.Build.0 = Debug|x86
		{4C356D8F-B0B4-45DD-B026-833B9A02AA14}.Debug_MockGame|x86.ActiveCfg = Debug|x86
		{4C356D8F-B0B4-45DD-B026-833B9A02AA14}.Debug_MockGame|x86.Build.0 = Debug|x86
		{4C356D8F-B0B4-45DD-B026-833B9A02AA14}.Debug|Any CPU.ActiveCfg = Debug|x86
		{4C356D8F-B0B4-45DD-B026-833B9A02AA14}.Debug|Mixed Platforms.ActiveCfg = Debug|x86
		{4C356D8F-B0B4-45DD-B026-833B9A02AA14}.Debug|Mixed Platforms.Build.0 = Debug|x86
		{4C356D8F-B0B4-45DD-B026-833B9A02AA14}.Debug|x86.ActiveCfg = Debug|x86
		{4C356D8F-B0B4-45DD-B026-833B9A02AA14}.Debug|x86.Build.0 = Debug|x86
		{4C356D8F-B0B4-45DD-B026-833B9A02AA14}.Release|Any CPU.ActiveCfg = Release|x86
		{4C356D8F-B0B4-45DD-B026-833B9A02AA14}.Release|Mixed Platforms.ActiveCfg = Release|x86
		{4C356D8F-B0B4-45DD-B026-833B9A02AA14}.Release|Mixed Platforms.Build.0 = Release|x86
		{4C356D8F-B0B4-45DD-B026-833B9A02AA14}.Release|x86.ActiveCfg = Release|x86
		{4C356D8F-B0B4-45DD-B026-833B9A02AA14}.Release|x86.Build.0 = Release|x86
		{3AF674AB-3F0C-46E3-97E0-0ACB4CCE201E}.Debug_MockGame|Any CPU.ActiveCfg = Debug_MockGame|Any CPU
		{3AF674AB-3F0C-46E3-97E0-0ACB4CCE201E}.Debug_MockGame|Any CPU.Build.0 = Debug_MockGame|Any CPU
		{3AF674AB-3F0C-46E3-97E0-0ACB4CCE201E}.Debug_MockGame|Mixed Platforms.ActiveCfg = Debug_MockGame|Any CPU
		{3AF674AB-3F0C-46E3-97E0-0ACB4CCE201E}.Debug_MockGame|Mixed Platforms.Build.0 = Debug_MockGame|Any CPU
		{3AF674AB-3F0C-46E3-97E0-0ACB4CCE201E}.Debug_MockGame|x86.ActiveCfg = Debug_MockGame|Any CPU
		{3AF674AB-3F0C-46E3-97E0-0ACB4CCE201E}.Debug|Any CPU.ActiveCfg = Debug|Any CPU
		{3AF674AB-3F0C-46E3-97E0-0ACB4CCE201E}.Debug|Any CPU.Build.0 = Debug|Any CPU
		{3AF674AB-3F0C-46E3-97E0-0ACB4CCE201E}.Debug|Mixed Platforms.ActiveCfg = Debug|Any CPU
		{3AF674AB-3F0C-46E3-97E0-0ACB4CCE201E}.Debug|Mixed Platforms.Build.0 = Debug|Any CPU
		{3AF674AB-3F0C-46E3-97E0-0ACB4CCE201E}.Debug|x86.ActiveCfg = Debug|Any CPU
		{3AF674AB-3F0C-46E3-97E0-0ACB4CCE201E}.Release|Any CPU.ActiveCfg = Release|Any CPU
		{3AF674AB-3F0C-46E3-97E0-0ACB4CCE201E}.Release|Any CPU.Build.0 = Release|Any CPU
		{3AF674AB-3F0C-46E3-97E0-0ACB4CCE201E}.Release|Mixed Platforms.ActiveCfg = Release|Any CPU
		{3AF674AB-3F0C-46E3-97E0-0ACB4CCE201E}.Release|Mixed Platforms.Build.0 = Release|Any CPU
		{3AF674AB-3F0C-46E3-97E0-0ACB4CCE201E}.Release|x86.ActiveCfg = Release|Any CPU
		{0BB1A6FD-79C7-4193-9BAE-5039A6AEB829}.Debug_MockGame|Any CPU.ActiveCfg = Debug_MockGame|Any CPU
		{0BB1A6FD-79C7-4193-9BAE-5039A6AEB829}.Debug_MockGame|Any CPU.Build.0 = Debug_MockGame|Any CPU
		{0BB1A6FD-79C7-4193-9BAE-5039A6AEB829}.Debug_MockGame|Mixed Platforms.ActiveCfg = Debug_MockGame|Any CPU
		{0BB1A6FD-79C7-4193-9BAE-5039A6AEB829}.Debug_MockGame|Mixed Platforms.Build.0 = Debug_MockGame|Any CPU
		{0BB1A6FD-79C7-4193-9BAE-5039A6AEB829}.Debug_MockGame|x86.ActiveCfg = Debug_MockGame|Any CPU
		{0BB1A6FD-79C7-4193-9BAE-5039A6AEB829}.Debug|Any CPU.ActiveCfg = Debug|Any CPU
		{0BB1A6FD-79C7-4193-9BAE-5039A6AEB829}.Debug|Any CPU.Build.0 = Debug|Any CPU
		{0BB1A6FD-79C7-4193-9BAE-5039A6AEB829}.Debug|Mixed Platforms.ActiveCfg = Debug|Any CPU
		{0BB1A6FD-79C7-4193-9BAE-5039A6AEB829}.Debug|Mixed Platforms.Build.0 = Debug|Any CPU
		{0BB1A6FD-79C7-4193-9BAE-5039A6AEB829}.Debug|x86.ActiveCfg = Debug|Any CPU
		{0BB1A6FD-79C7-4193-9BAE-5039A6AEB829}.Release|Any CPU.ActiveCfg = Release|Any CPU
		{0BB1A6FD-79C7-4193-9BAE-5039A6AEB829}.Release|Any CPU.Build.0 = Release|Any CPU
		{0BB1A6FD-79C7-4193-9BAE-5039A6AEB829}.Release|Mixed Platforms.ActiveCfg = Release|Any CPU
		{0BB1A6FD-79C7-4193-9BAE-5039A6AEB829}.Release|Mixed Platforms.Build.0 = Release|Any CPU
		{0BB1A6FD-79C7-4193-9BAE-5039A6AEB829}.Release|x86.ActiveCfg = Release|Any CPU
		{A4B36FE1-4D31-4FB9-9927-DC1DBB6418C5}.Debug_MockGame|Any CPU.ActiveCfg = Debug|Any CPU
		{A4B36FE1-4D31-4FB9-9927-DC1DBB6418C5}.Debug_MockGame|Any CPU.Build.0 = Debug|Any CPU
		{A4B36FE1-4D31-4FB9-9927-DC1DBB6418C5}.Debug_MockGame|Mixed Platforms.ActiveCfg = Debug|Any CPU
		{A4B36FE1-4D31-4FB9-9927-DC1DBB6418C5}.Debug_MockGame|Mixed Platforms.Build.0 = Debug|Any CPU
		{A4B36FE1-4D31-4FB9-9927-DC1DBB6418C5}.Debug_MockGame|x86.ActiveCfg = Debug|Any CPU
		{A4B36FE1-4D31-4FB9-9927-DC1DBB6418C5}.Debug|Any CPU.ActiveCfg = Debug|Any CPU
		{A4B36FE1-4D31-4FB9-9927-DC1DBB6418C5}.Debug|Any CPU.Build.0 = Debug|Any CPU
		{A4B36FE1-4D31-4FB9-9927-DC1DBB6418C5}.Debug|Mixed Platforms.ActiveCfg = Debug|Any CPU
		{A4B36FE1-4D31-4FB9-9927-DC1DBB6418C5}.Debug|Mixed Platforms.Build.0 = Debug|Any CPU
		{A4B36FE1-4D31-4FB9-9927-DC1DBB6418C5}.Debug|x86.ActiveCfg = Debug|Any CPU
		{A4B36FE1-4D31-4FB9-9927-DC1DBB6418C5}.Release|Any CPU.ActiveCfg = Release|Any CPU
		{A4B36FE1-4D31-4FB9-9927-DC1DBB6418C5}.Release|Any CPU.Build.0 = Release|Any CPU
		{A4B36FE1-4D31-4FB9-9927-DC1DBB6418C5}.Release|Mixed Platforms.ActiveCfg = Release|Any CPU
		{A4B36FE1-4D31-4FB9-9927-DC1DBB6418C5}.Release|Mixed Platforms.Build.0 = Release|Any CPU
		{A4B36FE1-4D31-4FB9-9927-DC1DBB6418C5}.Release|x86.ActiveCfg = Release|Any CPU
		{5B15B369-8F0D-4465-BF0F-3B4B974A08EB}.Debug_MockGame|Any CPU.ActiveCfg = Debug_MockGame|x86
		{5B15B369-8F0D-4465-BF0F-3B4B974A08EB}.Debug_MockGame|Mixed Platforms.ActiveCfg = Debug_MockGame|x86
		{5B15B369-8F0D-4465-BF0F-3B4B974A08EB}.Debug_MockGame|Mixed Platforms.Build.0 = Debug_MockGame|x86
		{5B15B369-8F0D-4465-BF0F-3B4B974A08EB}.Debug_MockGame|x86.ActiveCfg = Debug_MockGame|x86
		{5B15B369-8F0D-4465-BF0F-3B4B974A08EB}.Debug_MockGame|x86.Build.0 = Debug_MockGame|x86
		{5B15B369-8F0D-4465-BF0F-3B4B974A08EB}.Debug|Any CPU.ActiveCfg = Debug|x86
		{5B15B369-8F0D-4465-BF0F-3B4B974A08EB}.Debug|Mixed Platforms.ActiveCfg = Debug|x86
		{5B15B369-8F0D-4465-BF0F-3B4B974A08EB}.Debug|Mixed Platforms.Build.0 = Debug|x86
		{5B15B369-8F0D-4465-BF0F-3B4B974A08EB}.Debug|x86.ActiveCfg = Debug|x86
		{5B15B369-8F0D-4465-BF0F-3B4B974A08EB}.Debug|x86.Build.0 = Debug|x86
		{5B15B369-8F0D-4465-BF0F-3B4B974A08EB}.Release|Any CPU.ActiveCfg = Release|x86
		{5B15B369-8F0D-4465-BF0F-3B4B974A08EB}.Release|Mixed Platforms.ActiveCfg = Release|x86
		{5B15B369-8F0D-4465-BF0F-3B4B974A08EB}.Release|Mixed Platforms.Build.0 = Release|x86
		{5B15B369-8F0D-4465-BF0F-3B4B974A08EB}.Release|x86.ActiveCfg = Release|x86
		{5B15B369-8F0D-4465-BF0F-3B4B974A08EB}.Release|x86.Build.0 = Release|x86
	EndGlobalSection
	GlobalSection(SolutionProperties) = preSolution
		HideSolutionNode = FALSE
	EndGlobalSection
EndGlobal
